
Microsoft Visual Studio Solution File, Format Version 12.00
# Visual Studio Version 17
VisualStudioVersion = 17.5.33516.290
MinimumVisualStudioVersion = 10.0.40219.1
Project("{FAE04EC0-301F-11D3-BF4B-00C04F79EFBC}") = "SuperHeroApi", "SuperHeroApi\SuperHeroApi.csproj", "{EDE9BF57-9A56-45CE-817E-21359AD23FE8}"
EndProject
Global
	GlobalSection(SolutionConfigurationPlatforms) = preSolution
		Debug|Any CPU = Debug|Any CPU
		Release|Any CPU = Release|Any CPU
	EndGlobalSection
	GlobalSection(ProjectConfigurationPlatforms) = postSolution
		{EDE9BF57-9A56-45CE-817E-21359AD23FE8}.Debug|Any CPU.ActiveCfg = Debug|Any CPU
		{EDE9BF57-9A56-45CE-817E-21359AD23FE8}.Debug|Any CPU.Build.0 = Debug|Any CPU
		{EDE9BF57-9A56-45CE-817E-21359AD23FE8}.Release|Any CPU.ActiveCfg = Release|Any CPU
		{EDE9BF57-9A56-45CE-817E-21359AD23FE8}.Release|Any CPU.Build.0 = Release|Any CPU
	EndGlobalSection
	GlobalSection(SolutionProperties) = preSolution
		HideSolutionNode = FALSE
	EndGlobalSection
	GlobalSection(ExtensibilityGlobals) = postSolution
		SolutionGuid = {81947AD0-1B32-4ED8-99D3-EE80716FAEBE}
	EndGlobalSection
EndGlobal
